// !$*UTF8*$!
{
	archiveVersion = 1;
	classes = {
	};
	objectVersion = 50;
	objects = {

/* Begin PBXBuildFile section */
		BE1AD67E24A8D19000D133C3 /* UtternaceManager.swift in Sources */ = {isa = PBXBuildFile; fileRef = BE1AD67D24A8D19000D133C3 /* UtternaceManager.swift */; };
		BE2CE30F24ACA0420080090F /* NoteClassifier.mlmodel in Sources */ = {isa = PBXBuildFile; fileRef = BE2CE30E24ACA0420080090F /* NoteClassifier.mlmodel */; };
		BE8949E324A740680014155D /* AppDelegate.swift in Sources */ = {isa = PBXBuildFile; fileRef = BE8949E224A740680014155D /* AppDelegate.swift */; };
		BE8949E524A740680014155D /* SceneDelegate.swift in Sources */ = {isa = PBXBuildFile; fileRef = BE8949E424A740680014155D /* SceneDelegate.swift */; };
		BE8949EA24A740680014155D /* Main.storyboard in Resources */ = {isa = PBXBuildFile; fileRef = BE8949E824A740680014155D /* Main.storyboard */; };
		BE8949EC24A7406D0014155D /* Assets.xcassets in Resources */ = {isa = PBXBuildFile; fileRef = BE8949EB24A7406D0014155D /* Assets.xcassets */; };
		BE8949EF24A7406D0014155D /* LaunchScreen.storyboard in Resources */ = {isa = PBXBuildFile; fileRef = BE8949ED24A7406D0014155D /* LaunchScreen.storyboard */; };
		BE8949F724A7812B0014155D /* CameraPreviewVC.swift in Sources */ = {isa = PBXBuildFile; fileRef = BE8949F624A7812B0014155D /* CameraPreviewVC.swift */; };
		BE8993ED24A7C66100AD3F99 /* NotePredictionManager.swift in Sources */ = {isa = PBXBuildFile; fileRef = BE8993EC24A7C66100AD3F99 /* NotePredictionManager.swift */; };
		BE8993F024A7C6BD00AD3F99 /* CameraPreviewVM.swift in Sources */ = {isa = PBXBuildFile; fileRef = BE8993EF24A7C6BD00AD3F99 /* CameraPreviewVM.swift */; };
/* End PBXBuildFile section */

/* Begin PBXFileReference section */
		BE1AD67D24A8D19000D133C3 /* UtternaceManager.swift */ = {isa = PBXFileReference; lastKnownFileType = sourcecode.swift; path = UtternaceManager.swift; sourceTree = "<group>"; };
		BE2CE30E24ACA0420080090F /* NoteClassifier.mlmodel */ = {isa = PBXFileReference; lastKnownFileType = file.mlmodel; path = NoteClassifier.mlmodel; sourceTree = "<group>"; };
		BE8949DF24A740680014155D /* note-fy.app */ = {isa = PBXFileReference; explicitFileType = wrapper.application; includeInIndex = 0; path = "note-fy.app"; sourceTree = BUILT_PRODUCTS_DIR; };
		BE8949E224A740680014155D /* AppDelegate.swift */ = {isa = PBXFileReference; lastKnownFileType = sourcecode.swift; path = AppDelegate.swift; sourceTree = "<group>"; };
		BE8949E424A740680014155D /* SceneDelegate.swift */ = {isa = PBXFileReference; lastKnownFileType = sourcecode.swift; path = SceneDelegate.swift; sourceTree = "<group>"; };
		BE8949E924A740680014155D /* Base */ = {isa = PBXFileReference; lastKnownFileType = file.storyboard; name = Base; path = Base.lproj/Main.storyboard; sourceTree = "<group>"; };
		BE8949EB24A7406D0014155D /* Assets.xcassets */ = {isa = PBXFileReference; lastKnownFileType = folder.assetcatalog; path = Assets.xcassets; sourceTree = "<group>"; };
		BE8949EE24A7406D0014155D /* Base */ = {isa = PBXFileReference; lastKnownFileType = file.storyboard; name = Base; path = Base.lproj/LaunchScreen.storyboard; sourceTree = "<group>"; };
		BE8949F024A7406D0014155D /* Info.plist */ = {isa = PBXFileReference; lastKnownFileType = text.plist.xml; path = Info.plist; sourceTree = "<group>"; };
		BE8949F624A7812B0014155D /* CameraPreviewVC.swift */ = {isa = PBXFileReference; lastKnownFileType = sourcecode.swift; path = CameraPreviewVC.swift; sourceTree = "<group>"; };
		BE8993EC24A7C66100AD3F99 /* NotePredictionManager.swift */ = {isa = PBXFileReference; lastKnownFileType = sourcecode.swift; path = NotePredictionManager.swift; sourceTree = "<group>"; };
		BE8993EF24A7C6BD00AD3F99 /* CameraPreviewVM.swift */ = {isa = PBXFileReference; lastKnownFileType = sourcecode.swift; path = CameraPreviewVM.swift; sourceTree = "<group>"; };
/* End PBXFileReference section */

/* Begin PBXFrameworksBuildPhase section */
		BE8949DC24A740680014155D /* Frameworks */ = {
			isa = PBXFrameworksBuildPhase;
			buildActionMask = 2147483647;
			files = (
			);
			runOnlyForDeploymentPostprocessing = 0;
		};
/* End PBXFrameworksBuildPhase section */

/* Begin PBXGroup section */
		BE8949D624A740670014155D = {
			isa = PBXGroup;
			children = (
				BE8949E124A740680014155D /* note-fy */,
				BE8949E024A740680014155D /* Products */,
			);
			sourceTree = "<group>";
		};
		BE8949E024A740680014155D /* Products */ = {
			isa = PBXGroup;
			children = (
				BE8949DF24A740680014155D /* note-fy.app */,
			);
			name = Products;
			sourceTree = "<group>";
		};
		BE8949E124A740680014155D /* note-fy */ = {
			isa = PBXGroup;
			children = (
				BE8993EE24A7C6A500AD3F99 /* ViewModel */,
				BE8949F824A781320014155D /* Model */,
				BE8949E224A740680014155D /* AppDelegate.swift */,
				BE8949E424A740680014155D /* SceneDelegate.swift */,
				BE8949F624A7812B0014155D /* CameraPreviewVC.swift */,
				BE8993EC24A7C66100AD3F99 /* NotePredictionManager.swift */,
				BE1AD67D24A8D19000D133C3 /* UtternaceManager.swift */,
				BE8949E824A740680014155D /* Main.storyboard */,
				BE8949EB24A7406D0014155D /* Assets.xcassets */,
				BE8949ED24A7406D0014155D /* LaunchScreen.storyboard */,
				BE8949F024A7406D0014155D /* Info.plist */,
				BE2CE30E24ACA0420080090F /* NoteClassifier.mlmodel */,
			);
			path = "note-fy";
			sourceTree = "<group>";
		};
		BE8949F824A781320014155D /* Model */ = {
			isa = PBXGroup;
			children = (
			);
			path = Model;
			sourceTree = "<group>";
		};
		BE8993EE24A7C6A500AD3F99 /* ViewModel */ = {
			isa = PBXGroup;
			children = (
				BE8993EF24A7C6BD00AD3F99 /* CameraPreviewVM.swift */,
			);
			path = ViewModel;
			sourceTree = "<group>";
		};
/* End PBXGroup section */

/* Begin PBXNativeTarget section */
		BE8949DE24A740680014155D /* note-fy */ = {
			isa = PBXNativeTarget;
			buildConfigurationList = BE8949F324A7406D0014155D /* Build configuration list for PBXNativeTarget "note-fy" */;
			buildPhases = (
				BE8949DB24A740680014155D /* Sources */,
				BE8949DC24A740680014155D /* Frameworks */,
				BE8949DD24A740680014155D /* Resources */,
			);
			buildRules = (
			);
			dependencies = (
			);
			name = "note-fy";
			productName = "note-fy";
			productReference = BE8949DF24A740680014155D /* note-fy.app */;
			productType = "com.apple.product-type.application";
		};
/* End PBXNativeTarget section */

/* Begin PBXProject section */
		BE8949D724A740670014155D /* Project object */ = {
			isa = PBXProject;
			attributes = {
				LastSwiftUpdateCheck = 1110;
				LastUpgradeCheck = 1110;
				ORGANIZATIONNAME = "Rahul V. Shekar";
				TargetAttributes = {
					BE8949DE24A740680014155D = {
						CreatedOnToolsVersion = 11.1;
					};
				};
			};
			buildConfigurationList = BE8949DA24A740680014155D /* Build configuration list for PBXProject "note-fy" */;
			compatibilityVersion = "Xcode 9.3";
			developmentRegion = en;
			hasScannedForEncodings = 0;
			knownRegions = (
				en,
				Base,
			);
			mainGroup = BE8949D624A740670014155D;
			productRefGroup = BE8949E024A740680014155D /* Products */;
			projectDirPath = "";
			projectRoot = "";
			targets = (
				BE8949DE24A740680014155D /* note-fy */,
			);
		};
/* End PBXProject section */

/* Begin PBXResourcesBuildPhase section */
		BE8949DD24A740680014155D /* Resources */ = {
			isa = PBXResourcesBuildPhase;
			buildActionMask = 2147483647;
			files = (
				BE8949EF24A7406D0014155D /* LaunchScreen.storyboard in Resources */,
				BE8949EC24A7406D0014155D /* Assets.xcassets in Resources */,
				BE8949EA24A740680014155D /* Main.storyboard in Resources */,
			);
			runOnlyForDeploymentPostprocessing = 0;
		};
/* End PBXResourcesBuildPhase section */

/* Begin PBXSourcesBuildPhase section */
		BE8949DB24A740680014155D /* Sources */ = {
			isa = PBXSourcesBuildPhase;
			buildActionMask = 2147483647;
			files = (
				BE8993F024A7C6BD00AD3F99 /* CameraPreviewVM.swift in Sources */,
				BE8949E324A740680014155D /* AppDelegate.swift in Sources */,
				BE8993ED24A7C66100AD3F99 /* NotePredictionManager.swift in Sources */,
				BE1AD67E24A8D19000D133C3 /* UtternaceManager.swift in Sources */,
				BE8949E524A740680014155D /* SceneDelegate.swift in Sources */,
				BE2CE30F24ACA0420080090F /* NoteClassifier.mlmodel in Sources */,
				BE8949F724A7812B0014155D /* CameraPreviewVC.swift in Sources */,
			);
			runOnlyForDeploymentPostprocessing = 0;
		};
/* End PBXSourcesBuildPhase section */

/* Begin PBXVariantGroup section */
		BE8949E824A740680014155D /* Main.storyboard */ = {
			isa = PBXVariantGroup;
			children = (
				BE8949E924A740680014155D /* Base */,
			);
			name = Main.storyboard;
			sourceTree = "<group>";
		};
		BE8949ED24A7406D0014155D /* LaunchScreen.storyboard */ = {
			isa = PBXVariantGroup;
			children = (
				BE8949EE24A7406D0014155D /* Base */,
			);
			name = LaunchScreen.storyboard;
			sourceTree = "<group>";
		};
/* End PBXVariantGroup section */

/* Begin XCBuildConfiguration section */
		BE8949F124A7406D0014155D /* Debug */ = {
			isa = XCBuildConfiguration;
			buildSettings = {
				ALWAYS_SEARCH_USER_PATHS = NO;
				CLANG_ANALYZER_NONNULL = YES;
				CLANG_ANALYZER_NUMBER_OBJECT_CONVERSION = YES_AGGRESSIVE;
				CLANG_CXX_LANGUAGE_STANDARD = "gnu++14";
				CLANG_CXX_LIBRARY = "libc++";
				CLANG_ENABLE_MODULES = YES;
				CLANG_ENABLE_OBJC_ARC = YES;
				CLANG_ENABLE_OBJC_WEAK = YES;
				CLANG_WARN_BLOCK_CAPTURE_AUTORELEASING = YES;
				CLANG_WARN_BOOL_CONVERSION = YES;
				CLANG_WARN_COMMA = YES;
				CLANG_WARN_CONSTANT_CONVERSION = YES;
				CLANG_WARN_DEPRECATED_OBJC_IMPLEMENTATIONS = YES;
				CLANG_WARN_DIRECT_OBJC_ISA_USAGE = YES_ERROR;
				CLANG_WARN_DOCUMENTATION_COMMENTS = YES;
				CLANG_WARN_EMPTY_BODY = YES;
				CLANG_WARN_ENUM_CONVERSION = YES;
				CLANG_WARN_INFINITE_RECURSION = YES;
				CLANG_WARN_INT_CONVERSION = YES;
				CLANG_WARN_NON_LITERAL_NULL_CONVERSION = YES;
				CLANG_WARN_OBJC_IMPLICIT_RETAIN_SELF = YES;
				CLANG_WARN_OBJC_LITERAL_CONVERSION = YES;
				CLANG_WARN_OBJC_ROOT_CLASS = YES_ERROR;
				CLANG_WARN_RANGE_LOOP_ANALYSIS = YES;
				CLANG_WARN_STRICT_PROTOTYPES = YES;
				CLANG_WARN_SUSPICIOUS_MOVE = YES;
				CLANG_WARN_UNGUARDED_AVAILABILITY = YES_AGGRESSIVE;
				CLANG_WARN_UNREACHABLE_CODE = YES;
				CLANG_WARN__DUPLICATE_METHOD_MATCH = YES;
				COPY_PHASE_STRIP = NO;
				DEBUG_INFORMATION_FORMAT = dwarf;
				ENABLE_STRICT_OBJC_MSGSEND = YES;
				ENABLE_TESTABILITY = YES;
				GCC_C_LANGUAGE_STANDARD = gnu11;
				GCC_DYNAMIC_NO_PIC = NO;
				GCC_NO_COMMON_BLOCKS = YES;
				GCC_OPTIMIZATION_LEVEL = 0;
				GCC_PREPROCESSOR_DEFINITIONS = (
					"DEBUG=1",
					"$(inherited)",
				);
				GCC_WARN_64_TO_32_BIT_CONVERSION = YES;
				GCC_WARN_ABOUT_RETURN_TYPE = YES_ERROR;
				GCC_WARN_UNDECLARED_SELECTOR = YES;
				GCC_WARN_UNINITIALIZED_AUTOS = YES_AGGRESSIVE;
				GCC_WARN_UNUSED_FUNCTION = YES;
				GCC_WARN_UNUSED_VARIABLE = YES;
				IPHONEOS_DEPLOYMENT_TARGET = 13.1;
				MTL_ENABLE_DEBUG_INFO = INCLUDE_SOURCE;
				MTL_FAST_MATH = YES;
				ONLY_ACTIVE_ARCH = YES;
				SDKROOT = iphoneos;
				SWIFT_ACTIVE_COMPILATION_CONDITIONS = DEBUG;
				SWIFT_OPTIMIZATION_LEVEL = "-Onone";
			};
			name = Debug;
		};
		BE8949F224A7406D0014155D /* Release */ = {
			isa = XCBuildConfiguration;
			buildSettings = {
				ALWAYS_SEARCH_USER_PATHS = NO;
				CLANG_ANALYZER_NONNULL = YES;
				CLANG_ANALYZER_NUMBER_OBJECT_CONVERSION = YES_AGGRESSIVE;
				CLANG_CXX_LANGUAGE_STANDARD = "gnu++14";
				CLANG_CXX_LIBRARY = "libc++";
				CLANG_ENABLE_MODULES = YES;
				CLANG_ENABLE_OBJC_ARC = YES;
				CLANG_ENABLE_OBJC_WEAK = YES;
				CLANG_WARN_BLOCK_CAPTURE_AUTORELEASING = YES;
				CLANG_WARN_BOOL_CONVERSION = YES;
				CLANG_WARN_COMMA = YES;
				CLANG_WARN_CONSTANT_CONVERSION = YES;
				CLANG_WARN_DEPRECATED_OBJC_IMPLEMENTATIONS = YES;
				CLANG_WARN_DIRECT_OBJC_ISA_USAGE = YES_ERROR;
				CLANG_WARN_DOCUMENTATION_COMMENTS = YES;
				CLANG_WARN_EMPTY_BODY = YES;
				CLANG_WARN_ENUM_CONVERSION = YES;
				CLANG_WARN_INFINITE_RECURSION = YES;
				CLANG_WARN_INT_CONVERSION = YES;
				CLANG_WARN_NON_LITERAL_NULL_CONVERSION = YES;
				CLANG_WARN_OBJC_IMPLICIT_RETAIN_SELF = YES;
				CLANG_WARN_OBJC_LITERAL_CONVERSION = YES;
				CLANG_WARN_OBJC_ROOT_CLASS = YES_ERROR;
				CLANG_WARN_RANGE_LOOP_ANALYSIS = YES;
				CLANG_WARN_STRICT_PROTOTYPES = YES;
				CLANG_WARN_SUSPICIOUS_MOVE = YES;
				CLANG_WARN_UNGUARDED_AVAILABILITY = YES_AGGRESSIVE;
				CLANG_WARN_UNREACHABLE_CODE = YES;
				CLANG_WARN__DUPLICATE_METHOD_MATCH = YES;
				COPY_PHASE_STRIP = NO;
				DEBUG_INFORMATION_FORMAT = "dwarf-with-dsym";
				ENABLE_NS_ASSERTIONS = NO;
				ENABLE_STRICT_OBJC_MSGSEND = YES;
				GCC_C_LANGUAGE_STANDARD = gnu11;
				GCC_NO_COMMON_BLOCKS = YES;
				GCC_WARN_64_TO_32_BIT_CONVERSION = YES;
				GCC_WARN_ABOUT_RETURN_TYPE = YES_ERROR;
				GCC_WARN_UNDECLARED_SELECTOR = YES;
				GCC_WARN_UNINITIALIZED_AUTOS = YES_AGGRESSIVE;
				GCC_WARN_UNUSED_FUNCTION = YES;
				GCC_WARN_UNUSED_VARIABLE = YES;
				IPHONEOS_DEPLOYMENT_TARGET = 13.1;
				MTL_ENABLE_DEBUG_INFO = NO;
				MTL_FAST_MATH = YES;
				SDKROOT = iphoneos;
				SWIFT_COMPILATION_MODE = wholemodule;
				SWIFT_OPTIMIZATION_LEVEL = "-O";
				VALIDATE_PRODUCT = YES;
			};
			name = Release;
		};
		BE8949F424A7406D0014155D /* Debug */ = {
			isa = XCBuildConfiguration;
			buildSettings = {
				ASSETCATALOG_COMPILER_APPICON_NAME = AppIcon;
				CODE_SIGN_STYLE = Automatic;
				DEVELOPMENT_TEAM = 7JMS63BW44;
				INFOPLIST_FILE = "note-fy/Info.plist";
				LD_RUNPATH_SEARCH_PATHS = (
					"$(inherited)",
					"@executable_path/Frameworks",
				);
				PRODUCT_BUNDLE_IDENTIFIER = "com.rahulvshekar.note-fy";
				PRODUCT_NAME = "$(TARGET_NAME)";
				SWIFT_VERSION = 5.0;
				TARGETED_DEVICE_FAMILY = "1,2";
			};
			name = Debug;
		};
		BE8949F524A7406D0014155D /* Release */ = {
			isa = XCBuildConfiguration;
			buildSettings = {
				ASSETCATALOG_COMPILER_APPICON_NAME = AppIcon;
				CODE_SIGN_STYLE = Automatic;
				DEVELOPMENT_TEAM = 7JMS63BW44;
				INFOPLIST_FILE = "note-fy/Info.plist";
				LD_RUNPATH_SEARCH_PATHS = (
					"$(inherited)",
					"@executable_path/Frameworks",
				);
				PRODUCT_BUNDLE_IDENTIFIER = "com.rahulvshekar.note-fy";
				PRODUCT_NAME = "$(TARGET_NAME)";
				SWIFT_VERSION = 5.0;
				TARGETED_DEVICE_FAMILY = "1,2";
			};
			name = Release;
		};
/* End XCBuildConfiguration section */

/* Begin XCConfigurationList section */
		BE8949DA24A740680014155D /* Build configuration list for PBXProject "note-fy" */ = {
			isa = XCConfigurationList;
			buildConfigurations = (
				BE8949F124A7406D0014155D /* Debug */,
				BE8949F224A7406D0014155D /* Release */,
			);
			defaultConfigurationIsVisible = 0;
			defaultConfigurationName = Release;
		};
		BE8949F324A7406D0014155D /* Build configuration list for PBXNativeTarget "note-fy" */ = {
			isa = XCConfigurationList;
			buildConfigurations = (
				BE8949F424A7406D0014155D /* Debug */,
				BE8949F524A7406D0014155D /* Release */,
			);
			defaultConfigurationIsVisible = 0;
			defaultConfigurationName = Release;
		};
/* End XCConfigurationList section */
	};
	rootObject = BE8949D724A740670014155D /* Project object */;
}
